# This file is autogenerated, do not edit; changes may be undone by the next 'dep ensure'.


[[projects]]
  name = "github.com/BurntSushi/toml"
  packages = ["."]
  revision = "b26d9c308763d68093482582cea63d69be07a0f0"
  version = "v0.3.0"

[[projects]]
  name = "github.com/chzyer/readline"
  packages = ["."]
  revision = "41eea22f717c616615e1e59aa06cf831f9901f35"

[[projects]]
  name = "github.com/fatih/color"
  packages = ["."]
  revision = "9131ab34cf20d2f6d83fdc67168a5430d1c7dc23"
  version = "v1.4.1"

[[projects]]
  name = "github.com/golang/protobuf"
  packages = ["proto"]
  revision = "2bba0603135d7d7f5cb73b2125beeda19c09f4ef"

[[projects]]
  name = "github.com/google/go-github"
  packages = ["github"]
  revision = "2966f2579cd93bc62410f55ba6830b3925e7629d"

[[projects]]
  branch = "master"
  name = "github.com/google/go-querystring"
  packages = ["query"]
  revision = "53e6ce116135b80d037921a7fdd5138cf32d7a8a"

[[projects]]
  name = "github.com/inconshreveable/mousetrap"
  packages = ["."]
  revision = "76626ae9c91c4f2a10f34cad8ce83ea42c93bb75"
  version = "v1.0"

[[projects]]
  name = "github.com/jroimartin/gocui"
  packages = ["."]
  revision = "ba396278de0a3c63658bbaba13d2d2fa392edb11"

[[projects]]
  name = "github.com/mattn/go-colorable"
  packages = ["."]
  revision = "5411d3eea5978e6cdc258b30de592b60df6aba96"

[[projects]]
  name = "github.com/mattn/go-isatty"
  packages = ["."]
  revision = "57fdcb988a5c543893cc61bce354a6e24ab70022"

[[projects]]
  name = "github.com/mattn/go-runewidth"
  packages = ["."]
  revision = "9e777a8366cce605130a531d2cd6363d07ad7317"
  version = "v0.0.2"

[[projects]]
  name = "github.com/nsf/termbox-go"
  packages = ["."]
  revision = "b6acae516ace002cb8105a89024544a1480655a5"

[[projects]]
  name = "github.com/spf13/cobra"
  packages = ["."]
  revision = "63121c8814fc0b99184dbc1c8b7ef4fddae437c3"

[[projects]]
  name = "github.com/spf13/pflag"
  packages = ["."]
  revision = "2300d0f8576fe575f71aaa5b9bbe4e1b0dc2eb51"

[[projects]]
  name = "golang.org/x/crypto"
  packages = ["ssh/terminal"]
  revision = "9477e0b78b9ac3d0b03822fd95422e2fe07627cd"

[[projects]]
  name = "golang.org/x/net"
  packages = ["context"]
  revision = "1d7a0b2100da090d8b02afcfb42f97e2c77e71a4"

[[projects]]
  name = "golang.org/x/oauth2"
  packages = [".","internal"]
  revision = "a6bd8cefa1811bd24b86f8902872e4e8225f74c4"

[[projects]]
  name = "golang.org/x/sys"
  packages = ["unix"]
  revision = "9bb9f0998d48b31547d975974935ae9b48c7a03c"

[[projects]]
  name = "google.golang.org/appengine"
  packages = [".","internal","internal/app_identity","internal/base","internal/datastore","internal/log","internal/modules","internal/remote_api","internal/urlfetch","urlfetch"]
  revision = "170382fa85b10b94728989dfcf6cc818b335c952"

[solve-meta]
  analyzer-name = "dep"
  analyzer-version = 1
  inputs-digest = "b7d985e3f37d3a3f5d4429a0405b2b7be1298739f78f0794b94969392b916d09"
  solver-name = "gps-cdcl"
  solver-version = 1
